// !$*UTF8*$!
{
	archiveVersion = 1;
	classes = {
	};
	objectVersion = 50;
	objects = {

/* Begin PBXBuildFile section */
		471ED37323BE42080073F309 /* Remember.swift in Sources */ = {isa = PBXBuildFile; fileRef = 471ED37223BE42080073F309 /* Remember.swift */; };
		471ED37623BE429E0073F309 /* Card.swift in Sources */ = {isa = PBXBuildFile; fileRef = 471ED37523BE429E0073F309 /* Card.swift */; };
		47A220AD23B389160053B70B /* AppDelegate.swift in Sources */ = {isa = PBXBuildFile; fileRef = 47A220AC23B389160053B70B /* AppDelegate.swift */; };
		47A220AF23B389160053B70B /* SceneDelegate.swift in Sources */ = {isa = PBXBuildFile; fileRef = 47A220AE23B389160053B70B /* SceneDelegate.swift */; };
		47A220B123B389160053B70B /* ViewController.swift in Sources */ = {isa = PBXBuildFile; fileRef = 47A220B023B389160053B70B /* ViewController.swift */; };
		47A220B423B389160053B70B /* Main.storyboard in Resources */ = {isa = PBXBuildFile; fileRef = 47A220B223B389160053B70B /* Main.storyboard */; };
		47A220B623B389180053B70B /* Assets.xcassets in Resources */ = {isa = PBXBuildFile; fileRef = 47A220B523B389180053B70B /* Assets.xcassets */; };
		47A220B923B389180053B70B /* LaunchScreen.storyboard in Resources */ = {isa = PBXBuildFile; fileRef = 47A220B723B389180053B70B /* LaunchScreen.storyboard */; };
/* End PBXBuildFile section */

/* Begin PBXFileReference section */
		471ED37223BE42080073F309 /* Remember.swift */ = {isa = PBXFileReference; lastKnownFileType = sourcecode.swift; path = Remember.swift; sourceTree = "<group>"; };
		471ED37523BE429E0073F309 /* Card.swift */ = {isa = PBXFileReference; lastKnownFileType = sourcecode.swift; path = Card.swift; sourceTree = "<group>"; };
		47A220A923B389160053B70B /* RememberMeGame.app */ = {isa = PBXFileReference; explicitFileType = wrapper.application; includeInIndex = 0; path = RememberMeGame.app; sourceTree = BUILT_PRODUCTS_DIR; };
		47A220AC23B389160053B70B /* AppDelegate.swift */ = {isa = PBXFileReference; lastKnownFileType = sourcecode.swift; path = AppDelegate.swift; sourceTree = "<group>"; };
		47A220AE23B389160053B70B /* SceneDelegate.swift */ = {isa = PBXFileReference; lastKnownFileType = sourcecode.swift; path = SceneDelegate.swift; sourceTree = "<group>"; };
		47A220B023B389160053B70B /* ViewController.swift */ = {isa = PBXFileReference; lastKnownFileType = sourcecode.swift; path = ViewController.swift; sourceTree = "<group>"; };
		47A220B323B389160053B70B /* Base */ = {isa = PBXFileReference; lastKnownFileType = file.storyboard; name = Base; path = Base.lproj/Main.storyboard; sourceTree = "<group>"; };
		47A220B523B389180053B70B /* Assets.xcassets */ = {isa = PBXFileReference; lastKnownFileType = folder.assetcatalog; path = Assets.xcassets; sourceTree = "<group>"; };
		47A220B823B389180053B70B /* Base */ = {isa = PBXFileReference; lastKnownFileType = file.storyboard; name = Base; path = Base.lproj/LaunchScreen.storyboard; sourceTree = "<group>"; };
		47A220BA23B389180053B70B /* Info.plist */ = {isa = PBXFileReference; lastKnownFileType = text.plist.xml; path = Info.plist; sourceTree = "<group>"; };
/* End PBXFileReference section */

/* Begin PBXFrameworksBuildPhase section */
		47A220A623B389160053B70B /* Frameworks */ = {
			isa = PBXFrameworksBuildPhase;
			buildActionMask = 2147483647;
			files = (
			);
			runOnlyForDeploymentPostprocessing = 0;
		};
/* End PBXFrameworksBuildPhase section */

/* Begin PBXGroup section */
		471ED37423BE42140073F309 /* Model */ = {
			isa = PBXGroup;
			children = (
				471ED37223BE42080073F309 /* Remember.swift */,
				471ED37523BE429E0073F309 /* Card.swift */,
			);
			path = Model;
			sourceTree = "<group>";
		};
		47A220A023B389160053B70B = {
			isa = PBXGroup;
			children = (
				47A220AB23B389160053B70B /* RememberMeGame */,
				47A220AA23B389160053B70B /* Products */,
			);
			sourceTree = "<group>";
		};
		47A220AA23B389160053B70B /* Products */ = {
			isa = PBXGroup;
			children = (
				47A220A923B389160053B70B /* RememberMeGame.app */,
			);
			name = Products;
			sourceTree = "<group>";
		};
		47A220AB23B389160053B70B /* RememberMeGame */ = {
			isa = PBXGroup;
			children = (
				471ED37423BE42140073F309 /* Model */,
				47A220AC23B389160053B70B /* AppDelegate.swift */,
				47A220AE23B389160053B70B /* SceneDelegate.swift */,
				47A220B023B389160053B70B /* ViewController.swift */,
				47A220B223B389160053B70B /* Main.storyboard */,
				47A220B523B389180053B70B /* Assets.xcassets */,
				47A220B723B389180053B70B /* LaunchScreen.storyboard */,
				47A220BA23B389180053B70B /* Info.plist */,
			);
			path = RememberMeGame;
			sourceTree = "<group>";
		};
/* End PBXGroup section */

/* Begin PBXNativeTarget section */
		47A220A823B389160053B70B /* RememberMeGame */ = {
			isa = PBXNativeTarget;
			buildConfigurationList = 47A220BD23B389180053B70B /* Build configuration list for PBXNativeTarget "RememberMeGame" */;
			buildPhases = (
				47A220A523B389160053B70B /* Sources */,
				47A220A623B389160053B70B /* Frameworks */,
				47A220A723B389160053B70B /* Resources */,
			);
			buildRules = (
			);
			dependencies = (
			);
			name = RememberMeGame;
			productName = RememberMeGame;
			productReference = 47A220A923B389160053B70B /* RememberMeGame.app */;
			productType = "com.apple.product-type.application";
		};
/* End PBXNativeTarget section */

/* Begin PBXProject section */
		47A220A123B389160053B70B /* Project object */ = {
			isa = PBXProject;
			attributes = {
				LastSwiftUpdateCheck = 1130;
				LastUpgradeCheck = 1130;
				ORGANIZATIONNAME = "Pavel Bondar";
				TargetAttributes = {
					47A220A823B389160053B70B = {
						CreatedOnToolsVersion = 11.3;
					};
				};
			};
			buildConfigurationList = 47A220A423B389160053B70B /* Build configuration list for PBXProject "RememberMeGame" */;
			compatibilityVersion = "Xcode 9.3";
			developmentRegion = en;
			hasScannedForEncodings = 0;
			knownRegions = (
				en,
				Base,
			);
			mainGroup = 47A220A023B389160053B70B;
			productRefGroup = 47A220AA23B389160053B70B /* Products */;
			projectDirPath = "";
			projectRoot = "";
			targets = (
				47A220A823B389160053B70B /* RememberMeGame */,
			);
		};
/* End PBXProject section */

/* Begin PBXResourcesBuildPhase section */
		47A220A723B389160053B70B /* Resources */ = {
			isa = PBXResourcesBuildPhase;
			buildActionMask = 2147483647;
			files = (
				47A220B923B389180053B70B /* LaunchScreen.storyboard in Resources */,
				47A220B623B389180053B70B /* Assets.xcassets in Resources */,
				47A220B423B389160053B70B /* Main.storyboard in Resources */,
			);
			runOnlyForDeploymentPostprocessing = 0;
		};
/* End PBXResourcesBuildPhase section */

/* Begin PBXSourcesBuildPhase section */
		47A220A523B389160053B70B /* Sources */ = {
			isa = PBXSourcesBuildPhase;
			buildActionMask = 2147483647;
			files = (
				471ED37323BE42080073F309 /* Remember.swift in Sources */,
				47A220B123B389160053B70B /* ViewController.swift in Sources */,
				471ED37623BE429E0073F309 /* Card.swift in Sources */,
				47A220AD23B389160053B70B /* AppDelegate.swift in Sources */,
				47A220AF23B389160053B70B /* SceneDelegate.swift in Sources */,
			);
			runOnlyForDeploymentPostprocessing = 0;
		};
/* End PBXSourcesBuildPhase section */

/* Begin PBXVariantGroup section */
		47A220B223B389160053B70B /* Main.storyboard */ = {
			isa = PBXVariantGroup;
			children = (
				47A220B323B389160053B70B /* Base */,
			);
			name = Main.storyboard;
			sourceTree = "<group>";
		};
		47A220B723B389180053B70B /* LaunchScreen.storyboard */ = {
			isa = PBXVariantGroup;
			children = (
				47A220B823B389180053B70B /* Base */,
			);
			name = LaunchScreen.storyboard;
			sourceTree = "<group>";
		};
/* End PBXVariantGroup section */

/* Begin XCBuildConfiguration section */
		47A220BB23B389180053B70B /* Debug */ = {
			isa = XCBuildConfiguration;
			buildSettings = {
				ALWAYS_SEARCH_USER_PATHS = NO;
				CLANG_ANALYZER_NONNULL = YES;
				CLANG_ANALYZER_NUMBER_OBJECT_CONVERSION = YES_AGGRESSIVE;
				CLANG_CXX_LANGUAGE_STANDARD = "gnu++14";
				CLANG_CXX_LIBRARY = "libc++";
				CLANG_ENABLE_MODULES = YES;
				CLANG_ENABLE_OBJC_ARC = YES;
				CLANG_ENABLE_OBJC_WEAK = YES;
				CLANG_WARN_BLOCK_CAPTURE_AUTORELEASING = YES;
				CLANG_WARN_BOOL_CONVERSION = YES;
				CLANG_WARN_COMMA = YES;
				CLANG_WARN_CONSTANT_CONVERSION = YES;
				CLANG_WARN_DEPRECATED_OBJC_IMPLEMENTATIONS = YES;
				CLANG_WARN_DIRECT_OBJC_ISA_USAGE = YES_ERROR;
				CLANG_WARN_DOCUMENTATION_COMMENTS = YES;
				CLANG_WARN_EMPTY_BODY = YES;
				CLANG_WARN_ENUM_CONVERSION = YES;
				CLANG_WARN_INFINITE_RECURSION = YES;
				CLANG_WARN_INT_CONVERSION = YES;
				CLANG_WARN_NON_LITERAL_NULL_CONVERSION = YES;
				CLANG_WARN_OBJC_IMPLICIT_RETAIN_SELF = YES;
				CLANG_WARN_OBJC_LITERAL_CONVERSION = YES;
				CLANG_WARN_OBJC_ROOT_CLASS = YES_ERROR;
				CLANG_WARN_RANGE_LOOP_ANALYSIS = YES;
				CLANG_WARN_STRICT_PROTOTYPES = YES;
				CLANG_WARN_SUSPICIOUS_MOVE = YES;
				CLANG_WARN_UNGUARDED_AVAILABILITY = YES_AGGRESSIVE;
				CLANG_WARN_UNREACHABLE_CODE = YES;
				CLANG_WARN__DUPLICATE_METHOD_MATCH = YES;
				COPY_PHASE_STRIP = NO;
				DEBUG_INFORMATION_FORMAT = dwarf;
				ENABLE_STRICT_OBJC_MSGSEND = YES;
				ENABLE_TESTABILITY = YES;
				GCC_C_LANGUAGE_STANDARD = gnu11;
				GCC_DYNAMIC_NO_PIC = NO;
				GCC_NO_COMMON_BLOCKS = YES;
				GCC_OPTIMIZATION_LEVEL = 0;
				GCC_PREPROCESSOR_DEFINITIONS = (
					"DEBUG=1",
					"$(inherited)",
				);
				GCC_WARN_64_TO_32_BIT_CONVERSION = YES;
				GCC_WARN_ABOUT_RETURN_TYPE = YES_ERROR;
				GCC_WARN_UNDECLARED_SELECTOR = YES;
				GCC_WARN_UNINITIALIZED_AUTOS = YES_AGGRESSIVE;
				GCC_WARN_UNUSED_FUNCTION = YES;
				GCC_WARN_UNUSED_VARIABLE = YES;
				IPHONEOS_DEPLOYMENT_TARGET = 13.2;
				MTL_ENABLE_DEBUG_INFO = INCLUDE_SOURCE;
				MTL_FAST_MATH = YES;
				ONLY_ACTIVE_ARCH = YES;
				SDKROOT = iphoneos;
				SWIFT_ACTIVE_COMPILATION_CONDITIONS = DEBUG;
				SWIFT_OPTIMIZATION_LEVEL = "-Onone";
			};
			name = Debug;
		};
		47A220BC23B389180053B70B /* Release */ = {
			isa = XCBuildConfiguration;
			buildSettings = {
				ALWAYS_SEARCH_USER_PATHS = NO;
				CLANG_ANALYZER_NONNULL = YES;
				CLANG_ANALYZER_NUMBER_OBJECT_CONVERSION = YES_AGGRESSIVE;
				CLANG_CXX_LANGUAGE_STANDARD = "gnu++14";
				CLANG_CXX_LIBRARY = "libc++";
				CLANG_ENABLE_MODULES = YES;
				CLANG_ENABLE_OBJC_ARC = YES;
				CLANG_ENABLE_OBJC_WEAK = YES;
				CLANG_WARN_BLOCK_CAPTURE_AUTORELEASING = YES;
				CLANG_WARN_BOOL_CONVERSION = YES;
				CLANG_WARN_COMMA = YES;
				CLANG_WARN_CONSTANT_CONVERSION = YES;
				CLANG_WARN_DEPRECATED_OBJC_IMPLEMENTATIONS = YES;
				CLANG_WARN_DIRECT_OBJC_ISA_USAGE = YES_ERROR;
				CLANG_WARN_DOCUMENTATION_COMMENTS = YES;
				CLANG_WARN_EMPTY_BODY = YES;
				CLANG_WARN_ENUM_CONVERSION = YES;
				CLANG_WARN_INFINITE_RECURSION = YES;
				CLANG_WARN_INT_CONVERSION = YES;
				CLANG_WARN_NON_LITERAL_NULL_CONVERSION = YES;
				CLANG_WARN_OBJC_IMPLICIT_RETAIN_SELF = YES;
				CLANG_WARN_OBJC_LITERAL_CONVERSION = YES;
				CLANG_WARN_OBJC_ROOT_CLASS = YES_ERROR;
				CLANG_WARN_RANGE_LOOP_ANALYSIS = YES;
				CLANG_WARN_STRICT_PROTOTYPES = YES;
				CLANG_WARN_SUSPICIOUS_MOVE = YES;
				CLANG_WARN_UNGUARDED_AVAILABILITY = YES_AGGRESSIVE;
				CLANG_WARN_UNREACHABLE_CODE = YES;
				CLANG_WARN__DUPLICATE_METHOD_MATCH = YES;
				COPY_PHASE_STRIP = NO;
				DEBUG_INFORMATION_FORMAT = "dwarf-with-dsym";
				ENABLE_NS_ASSERTIONS = NO;
				ENABLE_STRICT_OBJC_MSGSEND = YES;
				GCC_C_LANGUAGE_STANDARD = gnu11;
				GCC_NO_COMMON_BLOCKS = YES;
				GCC_WARN_64_TO_32_BIT_CONVERSION = YES;
				GCC_WARN_ABOUT_RETURN_TYPE = YES_ERROR;
				GCC_WARN_UNDECLARED_SELECTOR = YES;
				GCC_WARN_UNINITIALIZED_AUTOS = YES_AGGRESSIVE;
				GCC_WARN_UNUSED_FUNCTION = YES;
				GCC_WARN_UNUSED_VARIABLE = YES;
				IPHONEOS_DEPLOYMENT_TARGET = 13.2;
				MTL_ENABLE_DEBUG_INFO = NO;
				MTL_FAST_MATH = YES;
				SDKROOT = iphoneos;
				SWIFT_COMPILATION_MODE = wholemodule;
				SWIFT_OPTIMIZATION_LEVEL = "-O";
				VALIDATE_PRODUCT = YES;
			};
			name = Release;
		};
		47A220BE23B389180053B70B /* Debug */ = {
			isa = XCBuildConfiguration;
			buildSettings = {
				ASSETCATALOG_COMPILER_APPICON_NAME = AppIcon;
				CODE_SIGN_STYLE = Automatic;
				DEVELOPMENT_TEAM = Z67C29K2Q6;
				INFOPLIST_FILE = RememberMeGame/Info.plist;
				LD_RUNPATH_SEARCH_PATHS = (
					"$(inherited)",
					"@executable_path/Frameworks",
				);
				PRODUCT_BUNDLE_IDENTIFIER = com.bondar.pavel.RememberMeGame;
				PRODUCT_NAME = "$(TARGET_NAME)";
				SWIFT_VERSION = 5.0;
				TARGETED_DEVICE_FAMILY = "1,2";
			};
			name = Debug;
		};
		47A220BF23B389180053B70B /* Release */ = {
			isa = XCBuildConfiguration;
			buildSettings = {
				ASSETCATALOG_COMPILER_APPICON_NAME = AppIcon;
				CODE_SIGN_STYLE = Automatic;
				DEVELOPMENT_TEAM = Z67C29K2Q6;
				INFOPLIST_FILE = RememberMeGame/Info.plist;
				LD_RUNPATH_SEARCH_PATHS = (
					"$(inherited)",
					"@executable_path/Frameworks",
				);
				PRODUCT_BUNDLE_IDENTIFIER = com.bondar.pavel.RememberMeGame;
				PRODUCT_NAME = "$(TARGET_NAME)";
				SWIFT_VERSION = 5.0;
				TARGETED_DEVICE_FAMILY = "1,2";
			};
			name = Release;
		};
/* End XCBuildConfiguration section */

/* Begin XCConfigurationList section */
		47A220A423B389160053B70B /* Build configuration list for PBXProject "RememberMeGame" */ = {
			isa = XCConfigurationList;
			buildConfigurations = (
				47A220BB23B389180053B70B /* Debug */,
				47A220BC23B389180053B70B /* Release */,
			);
			defaultConfigurationIsVisible = 0;
			defaultConfigurationName = Release;
		};
		47A220BD23B389180053B70B /* Build configuration list for PBXNativeTarget "RememberMeGame" */ = {
			isa = XCConfigurationList;
			buildConfigurations = (
				47A220BE23B389180053B70B /* Debug */,
				47A220BF23B389180053B70B /* Release */,
			);
			defaultConfigurationIsVisible = 0;
			defaultConfigurationName = Release;
		};
/* End XCConfigurationList section */
	};
	rootObject = 47A220A123B389160053B70B /* Project object */;
}
